
Microsoft Visual Studio Solution File, Format Version 12.00
# Visual Studio Version 18
VisualStudioVersion = 18.1.11312.151
MinimumVisualStudioVersion = 10.0.40219.1
Project("{2150E333-8FDC-42A3-9474-1A3956D46DE8}") = "Shared", "Shared", "{02EA681E-C7D8-13C7-8484-4AC65E1B71E8}"
	ProjectSection(SolutionItems) = preProject
		Shared\Offsets-1202.h = Shared\Offsets-1202.h
		Shared\Offsets-900.h = Shared\Offsets-900.h
		Shared\Offsets.h = Shared\Offsets.h
	EndProjectSection
EndProject
Project("{8BC9CEB8-8B4A-11D0-8D11-00A0C91BC942}") = "Kernel", "Fusion\Kernel\Kernel.vcxproj", "{7F7E2757-4CBA-4203-8EEB-5B317A8C2D4D}"
EndProject
Project("{8BC9CEB8-8B4A-11D0-8D11-00A0C91BC942}") = "Loader", "Fusion\Loader\Loader.vcxproj", "{A9ED466D-2F9E-41D8-A6D8-0AE4079F5712}"
EndProject
Project("{8BC9CEB8-8B4A-11D0-8D11-00A0C91BC942}") = "Daemon", "Fusion\Daemon\Daemon.vcxproj", "{E93827B7-2511-47A1-9190-032A66E72A82}"
EndProject
Project("{2150E333-8FDC-42A3-9474-1A3956D46DE8}") = "Shell UI", "Shell UI", "{1B4B3821-7C6A-4257-9752-34733B31A63B}"
EndProject
Project("{8BC9CEB8-8B4A-11D0-8D11-00A0C91BC942}") = "ShellUI", "Fusion\Shell UI\ShellUI\ShellUI.vcxproj", "{F577677C-9288-403B-8FA2-DF060124D399}"
EndProject
Project("{FAE04EC0-301F-11D3-BF4B-00C04F79EFBC}") = "ShellUIManaged", "Fusion\Shell UI\ShellUIManaged\ShellUIManaged.csproj", "{3F5FEC7C-3907-409F-AF99-A14BACC1B2F2}"
EndProject
Global
	GlobalSection(SolutionConfigurationPlatforms) = preSolution
		Debug|Any CPU = Debug|Any CPU
		Debug|ORBIS = Debug|ORBIS
		Release|Any CPU = Release|Any CPU
		Release|ORBIS = Release|ORBIS
		Release1202|Any CPU = Release1202|Any CPU
		Release1202|ORBIS = Release1202|ORBIS
		Release1250|Any CPU = Release1250|Any CPU
		Release1250|ORBIS = Release1250|ORBIS
		Release900|Any CPU = Release900|Any CPU
		Release900|ORBIS = Release900|ORBIS
	EndGlobalSection
	GlobalSection(ProjectConfigurationPlatforms) = postSolution
		{7F7E2757-4CBA-4203-8EEB-5B317A8C2D4D}.Debug|Any CPU.ActiveCfg = 900Release|x64
		{7F7E2757-4CBA-4203-8EEB-5B317A8C2D4D}.Debug|Any CPU.Build.0 = 900Release|x64
		{7F7E2757-4CBA-4203-8EEB-5B317A8C2D4D}.Debug|ORBIS.ActiveCfg = 900Release|x64
		{7F7E2757-4CBA-4203-8EEB-5B317A8C2D4D}.Debug|ORBIS.Build.0 = 900Release|x64
		{7F7E2757-4CBA-4203-8EEB-5B317A8C2D4D}.Release|Any CPU.ActiveCfg = 900Release|x64
		{7F7E2757-4CBA-4203-8EEB-5B317A8C2D4D}.Release|Any CPU.Build.0 = 900Release|x64
		{7F7E2757-4CBA-4203-8EEB-5B317A8C2D4D}.Release|ORBIS.ActiveCfg = 900Release|x64
		{7F7E2757-4CBA-4203-8EEB-5B317A8C2D4D}.Release|ORBIS.Build.0 = 900Release|x64
		{7F7E2757-4CBA-4203-8EEB-5B317A8C2D4D}.Release1202|Any CPU.ActiveCfg = 1202Release|x64
		{7F7E2757-4CBA-4203-8EEB-5B317A8C2D4D}.Release1202|Any CPU.Build.0 = 1202Release|x64
		{7F7E2757-4CBA-4203-8EEB-5B317A8C2D4D}.Release1202|ORBIS.ActiveCfg = 1202Release|x64
		{7F7E2757-4CBA-4203-8EEB-5B317A8C2D4D}.Release1202|ORBIS.Build.0 = 1202Release|x64
		{7F7E2757-4CBA-4203-8EEB-5B317A8C2D4D}.Release1250|Any CPU.ActiveCfg = Release1250|x64
		{7F7E2757-4CBA-4203-8EEB-5B317A8C2D4D}.Release1250|Any CPU.Build.0 = Release1250|x64
		{7F7E2757-4CBA-4203-8EEB-5B317A8C2D4D}.Release1250|ORBIS.ActiveCfg = Release1250|x64
		{7F7E2757-4CBA-4203-8EEB-5B317A8C2D4D}.Release1250|ORBIS.Build.0 = Release1250|x64
		{7F7E2757-4CBA-4203-8EEB-5B317A8C2D4D}.Release900|Any CPU.ActiveCfg = 1202Release|x64
		{7F7E2757-4CBA-4203-8EEB-5B317A8C2D4D}.Release900|Any CPU.Build.0 = 1202Release|x64
		{7F7E2757-4CBA-4203-8EEB-5B317A8C2D4D}.Release900|ORBIS.ActiveCfg = 900Release|x64
		{7F7E2757-4CBA-4203-8EEB-5B317A8C2D4D}.Release900|ORBIS.Build.0 = 900Release|x64
		{A9ED466D-2F9E-41D8-A6D8-0AE4079F5712}.Debug|Any CPU.ActiveCfg = 900Release|x64
		{A9ED466D-2F9E-41D8-A6D8-0AE4079F5712}.Debug|Any CPU.Build.0 = 900Release|x64
		{A9ED466D-2F9E-41D8-A6D8-0AE4079F5712}.Debug|ORBIS.ActiveCfg = 900Release|x64
		{A9ED466D-2F9E-41D8-A6D8-0AE4079F5712}.Debug|ORBIS.Build.0 = 900Release|x64
		{A9ED466D-2F9E-41D8-A6D8-0AE4079F5712}.Release|Any CPU.ActiveCfg = 900Release|x64
		{A9ED466D-2F9E-41D8-A6D8-0AE4079F5712}.Release|Any CPU.Build.0 = 900Release|x64
		{A9ED466D-2F9E-41D8-A6D8-0AE4079F5712}.Release|ORBIS.ActiveCfg = 900Release|x64
		{A9ED466D-2F9E-41D8-A6D8-0AE4079F5712}.Release|ORBIS.Build.0 = 900Release|x64
		{A9ED466D-2F9E-41D8-A6D8-0AE4079F5712}.Release1202|Any CPU.ActiveCfg = 1202Release|x64
		{A9ED466D-2F9E-41D8-A6D8-0AE4079F5712}.Release1202|Any CPU.Build.0 = 1202Release|x64
		{A9ED466D-2F9E-41D8-A6D8-0AE4079F5712}.Release1202|ORBIS.ActiveCfg = 1202Release|x64
		{A9ED466D-2F9E-41D8-A6D8-0AE4079F5712}.Release1202|ORBIS.Build.0 = 1202Release|x64
		{A9ED466D-2F9E-41D8-A6D8-0AE4079F5712}.Release1250|Any CPU.ActiveCfg = Release1250|x64
		{A9ED466D-2F9E-41D8-A6D8-0AE4079F5712}.Release1250|Any CPU.Build.0 = Release1250|x64
		{A9ED466D-2F9E-41D8-A6D8-0AE4079F5712}.Release1250|ORBIS.ActiveCfg = Release1250|x64
		{A9ED466D-2F9E-41D8-A6D8-0AE4079F5712}.Release1250|ORBIS.Build.0 = Release1250|x64
		{A9ED466D-2F9E-41D8-A6D8-0AE4079F5712}.Release900|Any CPU.ActiveCfg = 1202Release|x64
		{A9ED466D-2F9E-41D8-A6D8-0AE4079F5712}.Release900|Any CPU.Build.0 = 1202Release|x64
		{A9ED466D-2F9E-41D8-A6D8-0AE4079F5712}.Release900|ORBIS.ActiveCfg = 900Release|x64
		{A9ED466D-2F9E-41D8-A6D8-0AE4079F5712}.Release900|ORBIS.Build.0 = 900Release|x64
		{E93827B7-2511-47A1-9190-032A66E72A82}.Debug|Any CPU.ActiveCfg = Debug|ORBIS
		{E93827B7-2511-47A1-9190-032A66E72A82}.Debug|Any CPU.Build.0 = Debug|ORBIS
		{E93827B7-2511-47A1-9190-032A66E72A82}.Debug|ORBIS.ActiveCfg = Debug|ORBIS
		{E93827B7-2511-47A1-9190-032A66E72A82}.Debug|ORBIS.Build.0 = Debug|ORBIS
		{E93827B7-2511-47A1-9190-032A66E72A82}.Release|Any CPU.ActiveCfg = Release|ORBIS
		{E93827B7-2511-47A1-9190-032A66E72A82}.Release|Any CPU.Build.0 = Release|ORBIS
		{E93827B7-2511-47A1-9190-032A66E72A82}.Release|ORBIS.ActiveCfg = Release|ORBIS
		{E93827B7-2511-47A1-9190-032A66E72A82}.Release|ORBIS.Build.0 = Release|ORBIS
		{E93827B7-2511-47A1-9190-032A66E72A82}.Release1202|Any CPU.ActiveCfg = Release|ORBIS
		{E93827B7-2511-47A1-9190-032A66E72A82}.Release1202|Any CPU.Build.0 = Release|ORBIS
		{E93827B7-2511-47A1-9190-032A66E72A82}.Release1202|ORBIS.ActiveCfg = Release|ORBIS
		{E93827B7-2511-47A1-9190-032A66E72A82}.Release1202|ORBIS.Build.0 = Release|ORBIS
		{E93827B7-2511-47A1-9190-032A66E72A82}.Release1250|Any CPU.ActiveCfg = Release1250|ORBIS
		{E93827B7-2511-47A1-9190-032A66E72A82}.Release1250|Any CPU.Build.0 = Release1250|ORBIS
		{E93827B7-2511-47A1-9190-032A66E72A82}.Release1250|ORBIS.ActiveCfg = Release|ORBIS
		{E93827B7-2511-47A1-9190-032A66E72A82}.Release1250|ORBIS.Build.0 = Release|ORBIS
		{E93827B7-2511-47A1-9190-032A66E72A82}.Release900|Any CPU.ActiveCfg = Release|ORBIS
		{E93827B7-2511-47A1-9190-032A66E72A82}.Release900|Any CPU.Build.0 = Release|ORBIS
		{E93827B7-2511-47A1-9190-032A66E72A82}.Release900|ORBIS.ActiveCfg = Release|ORBIS
		{E93827B7-2511-47A1-9190-032A66E72A82}.Release900|ORBIS.Build.0 = Release|ORBIS
		{F577677C-9288-403B-8FA2-DF060124D399}.Debug|Any CPU.ActiveCfg = Debug|ORBIS
		{F577677C-9288-403B-8FA2-DF060124D399}.Debug|Any CPU.Build.0 = Debug|ORBIS
		{F577677C-9288-403B-8FA2-DF060124D399}.Debug|ORBIS.ActiveCfg = Debug|ORBIS
		{F577677C-9288-403B-8FA2-DF060124D399}.Debug|ORBIS.Build.0 = Debug|ORBIS
		{F577677C-9288-403B-8FA2-DF060124D399}.Release|Any CPU.ActiveCfg = Release|ORBIS
		{F577677C-9288-403B-8FA2-DF060124D399}.Release|Any CPU.Build.0 = Release|ORBIS
		{F577677C-9288-403B-8FA2-DF060124D399}.Release|ORBIS.ActiveCfg = Release|ORBIS
		{F577677C-9288-403B-8FA2-DF060124D399}.Release|ORBIS.Build.0 = Release|ORBIS
		{F577677C-9288-403B-8FA2-DF060124D399}.Release1202|Any CPU.ActiveCfg = Release|ORBIS
		{F577677C-9288-403B-8FA2-DF060124D399}.Release1202|Any CPU.Build.0 = Release|ORBIS
		{F577677C-9288-403B-8FA2-DF060124D399}.Release1202|ORBIS.ActiveCfg = Release|ORBIS
		{F577677C-9288-403B-8FA2-DF060124D399}.Release1202|ORBIS.Build.0 = Release|ORBIS
		{F577677C-9288-403B-8FA2-DF060124D399}.Release1250|Any CPU.ActiveCfg = Release1250|ORBIS
		{F577677C-9288-403B-8FA2-DF060124D399}.Release1250|Any CPU.Build.0 = Release1250|ORBIS
		{F577677C-9288-403B-8FA2-DF060124D399}.Release1250|ORBIS.ActiveCfg = Release|ORBIS
		{F577677C-9288-403B-8FA2-DF060124D399}.Release1250|ORBIS.Build.0 = Release|ORBIS
		{F577677C-9288-403B-8FA2-DF060124D399}.Release900|Any CPU.ActiveCfg = Release|ORBIS
		{F577677C-9288-403B-8FA2-DF060124D399}.Release900|Any CPU.Build.0 = Release|ORBIS
		{F577677C-9288-403B-8FA2-DF060124D399}.Release900|ORBIS.ActiveCfg = Release|ORBIS
		{F577677C-9288-403B-8FA2-DF060124D399}.Release900|ORBIS.Build.0 = Release|ORBIS
		{3F5FEC7C-3907-409F-AF99-A14BACC1B2F2}.Debug|Any CPU.ActiveCfg = Debug|Any CPU
		{3F5FEC7C-3907-409F-AF99-A14BACC1B2F2}.Debug|Any CPU.Build.0 = Debug|Any CPU
		{3F5FEC7C-3907-409F-AF99-A14BACC1B2F2}.Debug|ORBIS.ActiveCfg = Debug|Any CPU
		{3F5FEC7C-3907-409F-AF99-A14BACC1B2F2}.Debug|ORBIS.Build.0 = Debug|Any CPU
		{3F5FEC7C-3907-409F-AF99-A14BACC1B2F2}.Release|Any CPU.ActiveCfg = Release|Any CPU
		{3F5FEC7C-3907-409F-AF99-A14BACC1B2F2}.Release|Any CPU.Build.0 = Release|Any CPU
		{3F5FEC7C-3907-409F-AF99-A14BACC1B2F2}.Release|ORBIS.ActiveCfg = Release|Any CPU
		{3F5FEC7C-3907-409F-AF99-A14BACC1B2F2}.Release|ORBIS.Build.0 = Release|Any CPU
		{3F5FEC7C-3907-409F-AF99-A14BACC1B2F2}.Release1202|Any CPU.ActiveCfg = Release|Any CPU
		{3F5FEC7C-3907-409F-AF99-A14BACC1B2F2}.Release1202|Any CPU.Build.0 = Release|Any CPU
		{3F5FEC7C-3907-409F-AF99-A14BACC1B2F2}.Release1202|ORBIS.ActiveCfg = Release|Any CPU
		{3F5FEC7C-3907-409F-AF99-A14BACC1B2F2}.Release1202|ORBIS.Build.0 = Release|Any CPU
		{3F5FEC7C-3907-409F-AF99-A14BACC1B2F2}.Release1250|Any CPU.ActiveCfg = Release1250|Any CPU
		{3F5FEC7C-3907-409F-AF99-A14BACC1B2F2}.Release1250|Any CPU.Build.0 = Release1250|Any CPU
		{3F5FEC7C-3907-409F-AF99-A14BACC1B2F2}.Release1250|ORBIS.ActiveCfg = Release|Any CPU
		{3F5FEC7C-3907-409F-AF99-A14BACC1B2F2}.Release1250|ORBIS.Build.0 = Release|Any CPU
		{3F5FEC7C-3907-409F-AF99-A14BACC1B2F2}.Release900|Any CPU.ActiveCfg = Release|Any CPU
		{3F5FEC7C-3907-409F-AF99-A14BACC1B2F2}.Release900|Any CPU.Build.0 = Release|Any CPU
		{3F5FEC7C-3907-409F-AF99-A14BACC1B2F2}.Release900|ORBIS.ActiveCfg = Debug|Any CPU
		{3F5FEC7C-3907-409F-AF99-A14BACC1B2F2}.Release900|ORBIS.Build.0 = Debug|Any CPU
	EndGlobalSection
	GlobalSection(SolutionProperties) = preSolution
		HideSolutionNode = FALSE
	EndGlobalSection
	GlobalSection(NestedProjects) = preSolution
		{F577677C-9288-403B-8FA2-DF060124D399} = {1B4B3821-7C6A-4257-9752-34733B31A63B}
		{3F5FEC7C-3907-409F-AF99-A14BACC1B2F2} = {1B4B3821-7C6A-4257-9752-34733B31A63B}
	EndGlobalSection
	GlobalSection(ExtensibilityGlobals) = postSolution
		SolutionGuid = {409D54FA-D4FC-4E3B-8CD1-DD4A47CFC492}
	EndGlobalSection
EndGlobal
