<?xml version="1.0" encoding="utf-8"?>
<Project ToolsVersion="4.0" xmlns="http://schemas.microsoft.com/developer/msbuild/2003">
  <ItemGroup>
    <Filter Include="include">
      <UniqueIdentifier>{2b6f7225-14fb-47ab-8d0f-34cbba675173}</UniqueIdentifier>
    </Filter>
    <Filter Include="source">
      <UniqueIdentifier>{9d68c4ad-e85e-4767-9381-6cd56c187f1e}</UniqueIdentifier>
    </Filter>
    <Filter Include="source\Utils">
      <UniqueIdentifier>{34ed3173-daaf-41cf-b5dd-16952d767855}</UniqueIdentifier>
    </Filter>
    <Filter Include="include\Utils">
      <UniqueIdentifier>{b9e5c598-c3ed-425c-a687-619772e8adb1}</UniqueIdentifier>
    </Filter>
    <Filter Include="source\Homebrew">
      <UniqueIdentifier>{6d098163-a9c9-4b5c-81f4-563176f9e66c}</UniqueIdentifier>
    </Filter>
    <Filter Include="include\Homebrew">
      <UniqueIdentifier>{a05202f2-b05f-4c7a-a1c0-0dc222393e12}</UniqueIdentifier>
    </Filter>
    <Filter Include="include\Utils\Detours">
      <UniqueIdentifier>{6ae31d5c-9632-45aa-8fed-060799476bb5}</UniqueIdentifier>
    </Filter>
    <Filter Include="source\Utils\Detours">
      <UniqueIdentifier>{bb4cd6fa-fa18-4f9b-b9bd-42d2b5d967a2}</UniqueIdentifier>
    </Filter>
    <Filter Include="source\Driver">
      <UniqueIdentifier>{ddf00d34-5a63-4f46-8545-77c2fb4de2d6}</UniqueIdentifier>
    </Filter>
    <Filter Include="include\Driver">
      <UniqueIdentifier>{3989e886-3fc7-4c01-a9a4-29757f5d4d07}</UniqueIdentifier>
    </Filter>
    <Filter Include="include\Misc">
      <UniqueIdentifier>{509322ee-89f7-4fa0-b3b4-4490ffa3b0fd}</UniqueIdentifier>
    </Filter>
    <Filter Include="source\Misc">
      <UniqueIdentifier>{cfcc5ec7-03de-49b3-bba3-8fdfd8177dee}</UniqueIdentifier>
    </Filter>
  </ItemGroup>
  <ItemGroup>
    <None Include="Linker" />
    <None Include="Makefile" />
    <None Include="crt0.s" />
    <None Include="source\Asm.s">
      <Filter>source\Utils</Filter>
    </None>
  </ItemGroup>
  <ItemGroup>
    <ClCompile Include="source\Main.cpp">
      <Filter>source</Filter>
    </ClCompile>
    <ClCompile Include="source\Patches.cpp">
      <Filter>source\Utils</Filter>
    </ClCompile>
    <ClCompile Include="source\Resolver.cpp">
      <Filter>source\Utils</Filter>
    </ClCompile>
    <ClCompile Include="source\FakePkgs.cpp">
      <Filter>source\Homebrew</Filter>
    </ClCompile>
    <ClCompile Include="source\FakeSelfs.cpp">
      <Filter>source\Homebrew</Filter>
    </ClCompile>
    <ClCompile Include="source\ProcessUtils.cpp">
      <Filter>source\Utils</Filter>
    </ClCompile>
    <ClCompile Include="source\SystemCalls.cpp">
      <Filter>source\Utils</Filter>
    </ClCompile>
    <ClCompile Include="source\Heap.cpp">
      <Filter>source\Utils</Filter>
    </ClCompile>
    <ClCompile Include="source\Misc.cpp">
      <Filter>source\Utils</Filter>
    </ClCompile>
    <ClCompile Include="source\Detour64.cpp">
      <Filter>source\Utils\Detours</Filter>
    </ClCompile>
    <ClCompile Include="source\DetourCall.cpp">
      <Filter>source\Utils\Detours</Filter>
    </ClCompile>
    <ClCompile Include="source\BaseDetour.cpp">
      <Filter>source\Utils\Detours</Filter>
    </ClCompile>
    <ClCompile Include="source\Detour32.cpp">
      <Filter>source\Utils\Detours</Filter>
    </ClCompile>
    <ClCompile Include="source\hde64.cpp">
      <Filter>source\Utils\Detours</Filter>
    </ClCompile>
    <ClCompile Include="source\DriverKernel.cpp">
      <Filter>source\Driver</Filter>
    </ClCompile>
    <ClCompile Include="source\DriverProc.cpp">
      <Filter>source\Driver</Filter>
    </ClCompile>
    <ClCompile Include="source\FusionDriver.cpp">
      <Filter>source\Driver</Filter>
    </ClCompile>
    <ClCompile Include="source\FeatureFlags.cpp">
      <Filter>source</Filter>
    </ClCompile>
    <ClCompile Include="source\DevActSpoofer.cpp">
      <Filter>source\Misc</Filter>
    </ClCompile>
    <ClCompile Include="source\DirectMemory.cpp">
      <Filter>source\Misc</Filter>
    </ClCompile>
    <ClCompile Include="source\LibraryReplacer.cpp">
      <Filter>source\Misc</Filter>
    </ClCompile>
    <ClCompile Include="source\Watcher.cpp">
      <Filter>source\Misc</Filter>
    </ClCompile>
    <ClCompile Include="source\DipSwitchSpoofer.cpp">
      <Filter>source\Misc</Filter>
    </ClCompile>
    <ClCompile Include="source\TTYRedirector.cpp">
      <Filter>source\Misc</Filter>
    </ClCompile>
  </ItemGroup>
  <ItemGroup>
    <ClInclude Include="include\Asm.h">
      <Filter>include\Utils</Filter>
    </ClInclude>
    <ClInclude Include="include\Patches.h">
      <Filter>include\Utils</Filter>
    </ClInclude>
    <ClInclude Include="include\Types.h">
      <Filter>include\Utils</Filter>
    </ClInclude>
    <ClInclude Include="include\Resolver.h">
      <Filter>include\Utils</Filter>
    </ClInclude>
    <ClInclude Include="include\FakePkgs.h">
      <Filter>include\Homebrew</Filter>
    </ClInclude>
    <ClInclude Include="include\FakePkgTypes.h">
      <Filter>include\Homebrew</Filter>
    </ClInclude>
    <ClInclude Include="include\FakeSelfs.h">
      <Filter>include\Homebrew</Filter>
    </ClInclude>
    <ClInclude Include="include\FakeSelfTypes.h">
      <Filter>include\Homebrew</Filter>
    </ClInclude>
    <ClInclude Include="include\ProcessUtils.h">
      <Filter>include\Utils</Filter>
    </ClInclude>
    <ClInclude Include="include\SystemCalls.h">
      <Filter>include\Utils</Filter>
    </ClInclude>
    <ClInclude Include="include\Heap.h">
      <Filter>include\Utils</Filter>
    </ClInclude>
    <ClInclude Include="include\Sparse.h">
      <Filter>include\Utils</Filter>
    </ClInclude>
    <ClInclude Include="include\Misc.h">
      <Filter>include\Utils</Filter>
    </ClInclude>
    <ClInclude Include="include\Detour32.h">
      <Filter>include\Utils\Detours</Filter>
    </ClInclude>
    <ClInclude Include="include\Detour64.h">
      <Filter>include\Utils\Detours</Filter>
    </ClInclude>
    <ClInclude Include="include\DetourCall.h">
      <Filter>include\Utils\Detours</Filter>
    </ClInclude>
    <ClInclude Include="include\BaseDetour.h">
      <Filter>include\Utils\Detours</Filter>
    </ClInclude>
    <ClInclude Include="include\hde64.h">
      <Filter>include\Utils\Detours</Filter>
    </ClInclude>
    <ClInclude Include="include\table64.h">
      <Filter>include\Utils\Detours</Filter>
    </ClInclude>
    <ClInclude Include="include\elf.h">
      <Filter>include\Utils</Filter>
    </ClInclude>
    <ClInclude Include="include\FeatureFlags.h">
      <Filter>include</Filter>
    </ClInclude>
    <ClInclude Include="include\DriverKernel.h">
      <Filter>include\Driver</Filter>
    </ClInclude>
    <ClInclude Include="include\DriverProc.h">
      <Filter>include\Driver</Filter>
    </ClInclude>
    <ClInclude Include="include\FusionDriver.h">
      <Filter>include\Driver</Filter>
    </ClInclude>
    <ClInclude Include="include\DevActSpoofer.h">
      <Filter>include\Misc</Filter>
    </ClInclude>
    <ClInclude Include="include\DirectMemory.h">
      <Filter>include\Misc</Filter>
    </ClInclude>
    <ClInclude Include="include\LibraryReplacer.h">
      <Filter>include\Misc</Filter>
    </ClInclude>
    <ClInclude Include="include\Common.h">
      <Filter>include\Misc</Filter>
    </ClInclude>
    <ClInclude Include="include\Watcher.h">
      <Filter>include\Misc</Filter>
    </ClInclude>
    <ClInclude Include="include\DipSwitchSpoofer.h">
      <Filter>include\Misc</Filter>
    </ClInclude>
    <ClInclude Include="include\TTYRedirector.h">
      <Filter>include\Misc</Filter>
    </ClInclude>
  </ItemGroup>
</Project>