<?xml version="1.0" encoding="utf-8"?>
<Project ToolsVersion="4.0" xmlns="http://schemas.microsoft.com/developer/msbuild/2003">
  <ItemGroup>
    <Filter Include="source">
      <UniqueIdentifier>{987042e9-94d6-48b9-bf27-3d7c3cc2d59a}</UniqueIdentifier>
    </Filter>
    <Filter Include="include">
      <UniqueIdentifier>{e2f383e3-c9f0-4b71-b8aa-40de8b062608}</UniqueIdentifier>
    </Filter>
    <Filter Include="resources">
      <UniqueIdentifier>{af6eeff9-2318-4458-84a9-2342002f1bb2}</UniqueIdentifier>
    </Filter>
  </ItemGroup>
  <ItemGroup>
    <None Include="crt0.s" />
    <None Include="Linker" />
    <None Include="Makefile" />
    <None Include="resources\Kernel.elf">
      <Filter>resources</Filter>
    </None>
    <None Include="resources\libFusionSidecar.sprx">
      <Filter>resources</Filter>
    </None>
  </ItemGroup>
  <ItemGroup>
    <ClCompile Include="source\asm.s">
      <Filter>source</Filter>
    </ClCompile>
    <ClCompile Include="source\dynlib.c">
      <Filter>source</Filter>
    </ClCompile>
    <ClCompile Include="source\elf.c">
      <Filter>source</Filter>
    </ClCompile>
    <ClCompile Include="source\main.c">
      <Filter>source</Filter>
    </ClCompile>
    <ClCompile Include="source\kernel.c">
      <Filter>source</Filter>
    </ClCompile>
    <ClCompile Include="source\sidecar.c">
      <Filter>source</Filter>
    </ClCompile>
    <ClCompile Include="source\file.c">
      <Filter>source</Filter>
    </ClCompile>
  </ItemGroup>
  <ItemGroup>
    <ClInclude Include="include\asm.h">
      <Filter>include</Filter>
    </ClInclude>
    <ClInclude Include="include\common.h">
      <Filter>include</Filter>
    </ClInclude>
    <ClInclude Include="include\dynlib.h">
      <Filter>include</Filter>
    </ClInclude>
    <ClInclude Include="include\elf.h">
      <Filter>include</Filter>
    </ClInclude>
    <ClInclude Include="include\types.h">
      <Filter>include</Filter>
    </ClInclude>
    <ClInclude Include="include\kernel.h">
      <Filter>include</Filter>
    </ClInclude>
    <ClInclude Include="include\sidecar.h">
      <Filter>include</Filter>
    </ClInclude>
    <ClInclude Include="include\file.h">
      <Filter>include</Filter>
    </ClInclude>
  </ItemGroup>
</Project>