<?xml version="1.0" encoding="utf-8"?>
<Project ToolsVersion="4.0" xmlns="http://schemas.microsoft.com/developer/msbuild/2003">
  <ItemGroup>
    <Filter Include="include">
      <UniqueIdentifier>{2b6f7225-14fb-47ab-8d0f-34cbba675173}</UniqueIdentifier>
    </Filter>
    <Filter Include="source">
      <UniqueIdentifier>{9d68c4ad-e85e-4767-9381-6cd56c187f1e}</UniqueIdentifier>
    </Filter>
    <Filter Include="source\Utils">
      <UniqueIdentifier>{34ed3173-daaf-41cf-b5dd-16952d767855}</UniqueIdentifier>
    </Filter>
    <Filter Include="include\Utils">
      <UniqueIdentifier>{b9e5c598-c3ed-425c-a687-619772e8adb1}</UniqueIdentifier>
    </Filter>
    <Filter Include="source\Homebrew">
      <UniqueIdentifier>{6d098163-a9c9-4b5c-81f4-563176f9e66c}</UniqueIdentifier>
    </Filter>
    <Filter Include="include\Homebrew">
      <UniqueIdentifier>{a05202f2-b05f-4c7a-a1c0-0dc222393e12}</UniqueIdentifier>
    </Filter>
    <Filter Include="include\Utils\Detours">
      <UniqueIdentifier>{6ae31d5c-9632-45aa-8fed-060799476bb5}</UniqueIdentifier>
    </Filter>
    <Filter Include="source\Utils\Detours">
      <UniqueIdentifier>{bb4cd6fa-fa18-4f9b-b9bd-42d2b5d967a2}</UniqueIdentifier>
    </Filter>
    <Filter Include="source\Driver">
      <UniqueIdentifier>{ddf00d34-5a63-4f46-8545-77c2fb4de2d6}</UniqueIdentifier>
    </Filter>
    <Filter Include="include\Driver">
      <UniqueIdentifier>{3989e886-3fc7-4c01-a9a4-29757f5d4d07}</UniqueIdentifier>
    </Filter>
    <Filter Include="include\Misc">
      <UniqueIdentifier>{509322ee-89f7-4fa0-b3b4-4490ffa3b0fd}</UniqueIdentifier>
    </Filter>
    <Filter Include="source\Misc">
      <UniqueIdentifier>{cfcc5ec7-03de-49b3-bba3-8fdfd8177dee}</UniqueIdentifier>
    </Filter>
  </ItemGroup>
  <ItemGroup>
    <None Include="Linker" />
    <None Include="Makefile" />
    <None Include="crt0.s" />
    <None Include="source\Utils\Asm.s">
      <Filter>source\Utils</Filter>
    </None>
  </ItemGroup>
  <ItemGroup>
    <ClCompile Include="source\Main.cpp">
      <Filter>source</Filter>
    </ClCompile>
    <ClCompile Include="source\FeatureFlags.cpp">
      <Filter>source</Filter>
    </ClCompile>
    <ClCompile Include="source\Fusion.cpp">
      <Filter>source</Filter>
    </ClCompile>
    <ClCompile Include="source\Utils\Heap.cpp">
      <Filter>source\Utils</Filter>
    </ClCompile>
    <ClCompile Include="source\Utils\Misc.cpp">
      <Filter>source\Utils</Filter>
    </ClCompile>
    <ClCompile Include="source\Utils\ProcessUtils.cpp">
      <Filter>source\Utils</Filter>
    </ClCompile>
    <ClCompile Include="source\Utils\Resolver.cpp">
      <Filter>source\Utils</Filter>
    </ClCompile>
    <ClCompile Include="source\Utils\Detours\Detour.cpp">
      <Filter>source\Utils\Detours</Filter>
    </ClCompile>
    <ClCompile Include="source\Utils\Detours\hde64.cpp">
      <Filter>source\Utils\Detours</Filter>
    </ClCompile>
    <ClCompile Include="source\Driver\DriverKernel.cpp">
      <Filter>source\Driver</Filter>
    </ClCompile>
    <ClCompile Include="source\Driver\DriverProc.cpp">
      <Filter>source\Driver</Filter>
    </ClCompile>
    <ClCompile Include="source\Driver\FusionDriver.cpp">
      <Filter>source\Driver</Filter>
    </ClCompile>
    <ClCompile Include="source\Homebrew\FakePkgs.cpp">
      <Filter>source\Homebrew</Filter>
    </ClCompile>
    <ClCompile Include="source\Homebrew\FakeSelfs.cpp">
      <Filter>source\Homebrew</Filter>
    </ClCompile>
    <ClCompile Include="source\Misc\DevActSpoofer.cpp">
      <Filter>source\Misc</Filter>
    </ClCompile>
    <ClCompile Include="source\Misc\DipSwitchSpoofer.cpp">
      <Filter>source\Misc</Filter>
    </ClCompile>
    <ClCompile Include="source\Misc\DirectMemory.cpp">
      <Filter>source\Misc</Filter>
    </ClCompile>
    <ClCompile Include="source\Misc\LibraryReplacer.cpp">
      <Filter>source\Misc</Filter>
    </ClCompile>
    <ClCompile Include="source\Misc\Patches.cpp">
      <Filter>source\Misc</Filter>
    </ClCompile>
    <ClCompile Include="source\Misc\TTYRedirector.cpp">
      <Filter>source\Misc</Filter>
    </ClCompile>
    <ClCompile Include="source\Utils\Detours\DetourMemoryPool.cpp">
      <Filter>source\Utils\Detours</Filter>
    </ClCompile>
  </ItemGroup>
  <ItemGroup>
    <ClInclude Include="include\FeatureFlags.h">
      <Filter>include</Filter>
    </ClInclude>
    <ClInclude Include="include\Fusion.h">
      <Filter>include</Filter>
    </ClInclude>
    <ClInclude Include="include\Utils\Asm.h">
      <Filter>include\Utils</Filter>
    </ClInclude>
    <ClInclude Include="include\Utils\Heap.h">
      <Filter>include\Utils</Filter>
    </ClInclude>
    <ClInclude Include="include\Utils\Misc.h">
      <Filter>include\Utils</Filter>
    </ClInclude>
    <ClInclude Include="include\Utils\ProcessUtils.h">
      <Filter>include\Utils</Filter>
    </ClInclude>
    <ClInclude Include="include\Utils\Resolver.h">
      <Filter>include\Utils</Filter>
    </ClInclude>
    <ClInclude Include="include\Utils\Detours\Detour.h">
      <Filter>include\Utils\Detours</Filter>
    </ClInclude>
    <ClInclude Include="include\Utils\Detours\hde64.h">
      <Filter>include\Utils\Detours</Filter>
    </ClInclude>
    <ClInclude Include="include\Utils\Detours\table64.h">
      <Filter>include\Utils\Detours</Filter>
    </ClInclude>
    <ClInclude Include="include\Driver\DriverKernel.h">
      <Filter>include\Driver</Filter>
    </ClInclude>
    <ClInclude Include="include\Driver\DriverProc.h">
      <Filter>include\Driver</Filter>
    </ClInclude>
    <ClInclude Include="include\Driver\FusionDriver.h">
      <Filter>include\Driver</Filter>
    </ClInclude>
    <ClInclude Include="include\Homebrew\FakePkgs.h">
      <Filter>include\Homebrew</Filter>
    </ClInclude>
    <ClInclude Include="include\Homebrew\FakePkgTypes.h">
      <Filter>include\Homebrew</Filter>
    </ClInclude>
    <ClInclude Include="include\Homebrew\FakeSelfs.h">
      <Filter>include\Homebrew</Filter>
    </ClInclude>
    <ClInclude Include="include\Homebrew\FakeSelfTypes.h">
      <Filter>include\Homebrew</Filter>
    </ClInclude>
    <ClInclude Include="include\Misc\DevActSpoofer.h">
      <Filter>include\Misc</Filter>
    </ClInclude>
    <ClInclude Include="include\Misc\DipSwitchSpoofer.h">
      <Filter>include\Misc</Filter>
    </ClInclude>
    <ClInclude Include="include\Misc\DirectMemory.h">
      <Filter>include\Misc</Filter>
    </ClInclude>
    <ClInclude Include="include\Misc\LibraryReplacer.h">
      <Filter>include\Misc</Filter>
    </ClInclude>
    <ClInclude Include="include\Misc\Patches.h">
      <Filter>include\Misc</Filter>
    </ClInclude>
    <ClInclude Include="include\Misc\TTYRedirector.h">
      <Filter>include\Misc</Filter>
    </ClInclude>
    <ClInclude Include="include\Utils\Detours\DetourMemoryPool.h">
      <Filter>include\Utils\Detours</Filter>
    </ClInclude>
    <ClInclude Include="include\Common.h">
      <Filter>include</Filter>
    </ClInclude>
  </ItemGroup>
</Project>