<?xml version="1.0" encoding="utf-8"?>
<Project ToolsVersion="4.0" xmlns="http://schemas.microsoft.com/developer/msbuild/2003">
  <ItemGroup>
    <Filter Include="Source Files">
      <UniqueIdentifier>{4FC737F1-C7A5-4376-A066-2A32D752A2FF}</UniqueIdentifier>
      <Extensions>cpp;c;cc;cxx;c++;cppm;ixx;def;odl;idl;hpj;bat;asm;asmx</Extensions>
    </Filter>
    <Filter Include="Header Files">
      <UniqueIdentifier>{93995380-89BD-4b04-88EB-625FBE52EBFB}</UniqueIdentifier>
      <Extensions>h;hh;hpp;hxx;h++;hm;inl;inc;ipp;xsd</Extensions>
    </Filter>
    <Filter Include="Resource Files">
      <UniqueIdentifier>{67DA6AB6-F800-4c08-8B7A-83BB121AAD01}</UniqueIdentifier>
      <Extensions>rc;ico;cur;bmp;dlg;rc2;rct;bin;rgs;gif;jpg;jpeg;jpe;resx;tiff;tif;png;wav;mfcribbon-ms</Extensions>
    </Filter>
    <Filter Include="Source Files\Utils">
      <UniqueIdentifier>{432cf100-3b8d-4c4b-b2c0-0d4973745d3c}</UniqueIdentifier>
    </Filter>
    <Filter Include="Header Files\Utils">
      <UniqueIdentifier>{36aa04d1-d36e-4d1b-8a46-127d54cf127f}</UniqueIdentifier>
    </Filter>
    <Filter Include="Header Files\Extension">
      <UniqueIdentifier>{f57cef7f-fd18-46e3-a311-861d04a00c9b}</UniqueIdentifier>
    </Filter>
    <Filter Include="Source Files\Extension">
      <UniqueIdentifier>{18f018e3-1598-4631-b666-1b490cbff0cf}</UniqueIdentifier>
    </Filter>
  </ItemGroup>
  <ItemGroup>
    <ClCompile Include="Main.cpp">
      <Filter>Source Files</Filter>
    </ClCompile>
    <ClCompile Include="Makefile" />
    <ClCompile Include="stdafx.cpp">
      <Filter>Source Files</Filter>
    </ClCompile>
    <ClCompile Include="ThreadPool.cpp">
      <Filter>Source Files\Utils</Filter>
    </ClCompile>
    <ClCompile Include="ProcessMonitor.cpp">
      <Filter>Source Files\Utils</Filter>
    </ClCompile>
    <ClCompile Include="SystemPatcher.cpp">
      <Filter>Source Files\Utils</Filter>
    </ClCompile>
    <ClCompile Include="Misc.cpp">
      <Filter>Source Files\Utils</Filter>
    </ClCompile>
    <ClCompile Include="Process.cpp">
      <Filter>Source Files\Utils</Filter>
    </ClCompile>
    <ClCompile Include="PluginExtension.cpp">
      <Filter>Source Files\Extension</Filter>
    </ClCompile>
    <ClCompile Include="FtpExtension.cpp">
      <Filter>Source Files\Extension</Filter>
    </ClCompile>
    <ClCompile Include="FileSystem.cpp">
      <Filter>Source Files\Utils</Filter>
    </ClCompile>
    <ClCompile Include="Config.cpp">
      <Filter>Source Files\Utils</Filter>
    </ClCompile>
    <ClCompile Include="DaemonExtension.cpp">
      <Filter>Source Files\Extension</Filter>
    </ClCompile>
    <ClCompile Include="FileUtils.cpp">
      <Filter>Source Files\Utils</Filter>
    </ClCompile>
    <ClCompile Include="LncUtils.cpp">
      <Filter>Source Files\Utils</Filter>
    </ClCompile>
    <ClCompile Include="DeciExtension.cpp">
      <Filter>Source Files\Extension</Filter>
    </ClCompile>
    <ClCompile Include="Notify.cpp">
      <Filter>Source Files\Utils</Filter>
    </ClCompile>
  </ItemGroup>
  <ItemGroup>
    <ClInclude Include="stdafx.h">
      <Filter>Header Files</Filter>
    </ClInclude>
    <ClInclude Include="ThreadPool.h">
      <Filter>Header Files\Utils</Filter>
    </ClInclude>
    <ClInclude Include="ProcessMonitor.h">
      <Filter>Header Files\Utils</Filter>
    </ClInclude>
    <ClInclude Include="SystemPatcher.h">
      <Filter>Header Files\Utils</Filter>
    </ClInclude>
    <ClInclude Include="Misc.h">
      <Filter>Header Files\Utils</Filter>
    </ClInclude>
    <ClInclude Include="Offsets.h">
      <Filter>Header Files\Utils</Filter>
    </ClInclude>
    <ClInclude Include="Process.h">
      <Filter>Header Files\Utils</Filter>
    </ClInclude>
    <ClInclude Include="PluginExtension.h">
      <Filter>Header Files\Extension</Filter>
    </ClInclude>
    <ClInclude Include="IniParser.h">
      <Filter>Header Files\Utils</Filter>
    </ClInclude>
    <ClInclude Include="FileSystem.h">
      <Filter>Header Files\Utils</Filter>
    </ClInclude>
    <ClInclude Include="FtpExtension.h">
      <Filter>Header Files\Extension</Filter>
    </ClInclude>
    <ClInclude Include="Json.h">
      <Filter>Header Files\Utils</Filter>
    </ClInclude>
    <ClInclude Include="Config.h">
      <Filter>Header Files\Utils</Filter>
    </ClInclude>
    <ClInclude Include="DaemonExtension.h">
      <Filter>Header Files\Extension</Filter>
    </ClInclude>
    <ClInclude Include="FileUtils.h">
      <Filter>Header Files\Utils</Filter>
    </ClInclude>
    <ClInclude Include="LncUtils.h">
      <Filter>Header Files\Utils</Filter>
    </ClInclude>
    <ClInclude Include="DeciExtension.h">
      <Filter>Header Files\Extension</Filter>
    </ClInclude>
    <ClInclude Include="Notify.h">
      <Filter>Header Files\Utils</Filter>
    </ClInclude>
  </ItemGroup>
</Project>